
Microsoft Visual Studio Solution File, Format Version 12.00
# Visual Studio Version 17
VisualStudioVersion = 17.8.34004.107
MinimumVisualStudioVersion = 10.0.40219.1
Project("{9A19103F-16F7-4668-BE54-9A1E7A4F7556}") = "WeirdTool", "WeirdTool.csproj", "{6A9E97CE-B2C9-412A-8DB5-5A5AEF9BAFAC}"
EndProject
Global
	GlobalSection(SolutionConfigurationPlatforms) = preSolution
		Debug|Any CPU = Debug|Any CPU
		Release|Any CPU = Release|Any CPU
	EndGlobalSection
	GlobalSection(ProjectConfigurationPlatforms) = postSolution
		{6A9E97CE-B2C9-412A-8DB5-5A5AEF9BAFAC}.Debug|Any CPU.ActiveCfg = Debug|Any CPU
		{6A9E97CE-B2C9-412A-8DB5-5A5AEF9BAFAC}.Debug|Any CPU.Build.0 = Debug|Any CPU
		{6A9E97CE-B2C9-412A-8DB5-5A5AEF9BAFAC}.Release|Any CPU.ActiveCfg = Release|Any CPU
		{6A9E97CE-B2C9-412A-8DB5-5A5AEF9BAFAC}.Release|Any CPU.Build.0 = Release|Any CPU
	EndGlobalSection
	GlobalSection(SolutionProperties) = preSolution
		HideSolutionNode = FALSE
	EndGlobalSection
	GlobalSection(ExtensibilityGlobals) = postSolution
		SolutionGuid = {8B318388-CA29-42D4-8B75-6F0998E55F78}
	EndGlobalSection
EndGlobal
