
Microsoft Visual Studio Solution File, Format Version 12.00
# Visual Studio Version 17
VisualStudioVersion = 17.8.34004.107
MinimumVisualStudioVersion = 10.0.40219.1
Project("{2150E333-8FDC-42A3-9474-1A3956D46DE8}") = "解决方案项", "解决方案项", "{21EE078B-7C9E-40F6-A63E-0963E1F98CE3}"
EndProject
Project("{FAE04EC0-301F-11D3-BF4B-00C04F79EFBC}") = "WeChatMP", "WeChatMP\WeChatMP.csproj", "{D31D4FA7-DFDD-45D9-A19C-4DB8746EEBCA}"
EndProject
Project("{9A19103F-16F7-4668-BE54-9A1E7A4F7556}") = "WeirdTool", "WeirdTool\WeirdTool.csproj", "{3D1A14E8-3893-4E5C-8463-4EC7AF7EE83E}"
EndProject
Global
	GlobalSection(SolutionConfigurationPlatforms) = preSolution
		Debug|Any CPU = Debug|Any CPU
		Release|Any CPU = Release|Any CPU
	EndGlobalSection
	GlobalSection(ProjectConfigurationPlatforms) = postSolution
		{D31D4FA7-DFDD-45D9-A19C-4DB8746EEBCA}.Debug|Any CPU.ActiveCfg = Debug|Any CPU
		{D31D4FA7-DFDD-45D9-A19C-4DB8746EEBCA}.Debug|Any CPU.Build.0 = Debug|Any CPU
		{D31D4FA7-DFDD-45D9-A19C-4DB8746EEBCA}.Release|Any CPU.ActiveCfg = Release|Any CPU
		{D31D4FA7-DFDD-45D9-A19C-4DB8746EEBCA}.Release|Any CPU.Build.0 = Release|Any CPU
		{3D1A14E8-3893-4E5C-8463-4EC7AF7EE83E}.Debug|Any CPU.ActiveCfg = Debug|Any CPU
		{3D1A14E8-3893-4E5C-8463-4EC7AF7EE83E}.Debug|Any CPU.Build.0 = Debug|Any CPU
		{3D1A14E8-3893-4E5C-8463-4EC7AF7EE83E}.Release|Any CPU.ActiveCfg = Release|Any CPU
		{3D1A14E8-3893-4E5C-8463-4EC7AF7EE83E}.Release|Any CPU.Build.0 = Release|Any CPU
	EndGlobalSection
	GlobalSection(SolutionProperties) = preSolution
		HideSolutionNode = FALSE
	EndGlobalSection
	GlobalSection(ExtensibilityGlobals) = postSolution
		SolutionGuid = {8B318388-CA29-42D4-8B75-6F0998E55F78}
	EndGlobalSection
EndGlobal
